
Microsoft Visual Studio Solution File, Format Version 12.00
# Visual Studio Version 16
VisualStudioVersion = 16.0.31205.134
MinimumVisualStudioVersion = 10.0.40219.1
Project("{FAE04EC0-301F-11D3-BF4B-00C04F79EFBC}") = "SunClouds", "SunClouds\SunClouds.csproj", "{9230D569-A366-427E-AFBC-5E0319C7F929}"
EndProject
Global
	GlobalSection(SolutionConfigurationPlatforms) = preSolution
		Debug|Any CPU = Debug|Any CPU
		Release|Any CPU = Release|Any CPU
	EndGlobalSection
	GlobalSection(ProjectConfigurationPlatforms) = postSolution
		{9230D569-A366-427E-AFBC-5E0319C7F929}.Debug|Any CPU.ActiveCfg = Debug|Any CPU
		{9230D569-A366-427E-AFBC-5E0319C7F929}.Debug|Any CPU.Build.0 = Debug|Any CPU
		{9230D569-A366-427E-AFBC-5E0319C7F929}.Release|Any CPU.ActiveCfg = Release|Any CPU
		{9230D569-A366-427E-AFBC-5E0319C7F929}.Release|Any CPU.Build.0 = Release|Any CPU
	EndGlobalSection
	GlobalSection(SolutionProperties) = preSolution
		HideSolutionNode = FALSE
	EndGlobalSection
	GlobalSection(ExtensibilityGlobals) = postSolution
		SolutionGuid = {8DA604BC-A1FB-48BA-9688-3FA1F809785C}
	EndGlobalSection
EndGlobal
